
Microsoft Visual Studio Solution File, Format Version 12.00
# Visual Studio Version 17
VisualStudioVersion = 17.7.34221.43
MinimumVisualStudioVersion = 10.0.40219.1
Project("{FAE04EC0-301F-11D3-BF4B-00C04F79EFBC}") = "webapi_hoadon", "webapi_hoadon\webapi_hoadon.csproj", "{F80D2E3C-FD14-4E1A-A932-E92FFC5C99DD}"
EndProject
Global
	GlobalSection(SolutionConfigurationPlatforms) = preSolution
		Debug|Any CPU = Debug|Any CPU
		Release|Any CPU = Release|Any CPU
	EndGlobalSection
	GlobalSection(ProjectConfigurationPlatforms) = postSolution
		{F80D2E3C-FD14-4E1A-A932-E92FFC5C99DD}.Debug|Any CPU.ActiveCfg = Debug|Any CPU
		{F80D2E3C-FD14-4E1A-A932-E92FFC5C99DD}.Debug|Any CPU.Build.0 = Debug|Any CPU
		{F80D2E3C-FD14-4E1A-A932-E92FFC5C99DD}.Release|Any CPU.ActiveCfg = Release|Any CPU
		{F80D2E3C-FD14-4E1A-A932-E92FFC5C99DD}.Release|Any CPU.Build.0 = Release|Any CPU
	EndGlobalSection
	GlobalSection(SolutionProperties) = preSolution
		HideSolutionNode = FALSE
	EndGlobalSection
	GlobalSection(ExtensibilityGlobals) = postSolution
		SolutionGuid = {DA8252EB-9B56-4F44-9AB7-4939BB8686A1}
	EndGlobalSection
EndGlobal
